{"SurveyEntry":{"SurveyID":"SV_3mxaIAGSMpkAZ81","SurveyName":"Speaking Science","SurveyDescription":null,"SurveyOwnerID":"UR_37O6mXV577YjVPv","SurveyBrandID":"berkeley","DivisionID":"DV_bE4GVCKSvJJ2JYF","SurveyLanguage":"EN","SurveyActiveResponseSet":"RS_3sWzykAVEiYnvSd","SurveyStatus":"Inactive","SurveyStartDate":"0000-00-00 00:00:00","SurveyExpirationDate":"0000-00-00 00:00:00","SurveyCreationDate":"2020-02-29 23:00:52","CreatorID":"UR_37O6mXV577YjVPv","LastModified":"2020-03-07 17:24:32","LastAccessed":"0000-00-00 00:00:00","LastActivated":"0000-00-00 00:00:00","Deleted":null},"SurveyElements":[{"SurveyID":"SV_3mxaIAGSMpkAZ81","Element":"BL","PrimaryAttribute":"Survey Blocks","SecondaryAttribute":null,"TertiaryAttribute":null,"Payload":{"0":{"Type":"Default","Description":"Welcome","ID":"BL_cAwR5HlqggAmv3v","BlockElements":[{"Type":"Question","QuestionID":"QID1"},{"Type":"Question","QuestionID":"QID7"}]},"1":{"Type":"Trash","Description":"Trash \/ Unused Questions","ID":"BL_4ODwwn7NfdjWPNX","BlockElements":[{"Type":"Question","QuestionID":"QID16"},{"Type":"Question","QuestionID":"QID5"},{"Type":"Question","QuestionID":"QID2"},{"Type":"Question","QuestionID":"QID6"},{"Type":"Question","QuestionID":"QID8"}]},"2":{"Type":"Standard","SubType":"","Description":"Article 1 Local","ID":"BL_8rfhQ37loUOiHK5","BlockElements":[{"Type":"Question","QuestionID":"QID3"},{"Type":"Question","QuestionID":"QID4"}],"Options":{"BlockLocking":"false","RandomizeQuestions":"false"}},"4":{"Type":"Standard","SubType":"","Description":"Article 1 global","ID":"BL_3ZNmZsz6CObnGND","BlockElements":[{"Type":"Question","QuestionID":"QID9"},{"Type":"Question","QuestionID":"QID10"}],"Options":{"BlockLocking":false,"RandomizeQuestions":"false"}},"5":{"Type":"Standard","SubType":"","Description":"Article 1 Quiz","ID":"BL_8kyGy1Nl2Ld6Yhn","BlockElements":[{"Type":"Question","QuestionID":"QID19"},{"Type":"Question","QuestionID":"QID11"},{"Type":"Question","QuestionID":"QID12"},{"Type":"Question","QuestionID":"QID13"},{"Type":"Question","QuestionID":"QID14"},{"Type":"Question","QuestionID":"QID15"},{"Type":"Question","QuestionID":"QID17"}]},"6":{"Type":"Standard","SubType":"","Description":"M Turk Validation","ID":"BL_85Mo96dgVHmtWrr","BlockElements":[{"Type":"Question","QuestionID":"QID18"}]},"7":{"Type":"Standard","SubType":"","Description":"Article 2 local","ID":"BL_29llwBB3WvLf2Ch","BlockElements":[{"Type":"Question","QuestionID":"QID20"},{"Type":"Question","QuestionID":"QID21"}],"Options":{"BlockLocking":false,"RandomizeQuestions":"false"}},"8":{"Type":"Standard","SubType":"","Description":"Article 2 global","ID":"BL_a5XR2uHvZakzV1r","BlockElements":[{"Type":"Question","QuestionID":"QID22"},{"Type":"Question","QuestionID":"QID23"}],"Options":{"BlockLocking":false,"RandomizeQuestions":"false"}},"9":{"Type":"Standard","SubType":"","Description":"Article 2 quiz","ID":"BL_eL2Jn7i2gEZIBsp","BlockElements":[{"Type":"Question","QuestionID":"QID24"},{"Type":"Question","QuestionID":"QID25"},{"Type":"Question","QuestionID":"QID26"},{"Type":"Question","QuestionID":"QID27"},{"Type":"Question","QuestionID":"QID28"},{"Type":"Question","QuestionID":"QID29"},{"Type":"Question","QuestionID":"QID30"}]}}},{"SurveyID":"SV_3mxaIAGSMpkAZ81","Element":"FL","PrimaryAttribute":"Survey Flow","SecondaryAttribute":null,"TertiaryAttribute":null,"Payload":{"Type":"Root","FlowID":"FL_1","Flow":[{"Type":"EmbeddedData","FlowID":"FL_17","EmbeddedData":[{"Description":"mturk_completion_code","Type":"Custom","Field":"mturk_completion_code","VariableType":"String","DataVisibility":[],"AnalyzeText":false,"Value":"${rand:\/\/int\/100000:999999}"}]},{"Type":"Block","ID":"BL_cAwR5HlqggAmv3v","FlowID":"FL_2"},{"Type":"BlockRandomizer","FlowID":"FL_7","SubSet":1,"Flow":[{"Type":"Standard","ID":"BL_8rfhQ37loUOiHK5","FlowID":"FL_3"},{"Type":"Standard","ID":"BL_29llwBB3WvLf2Ch","FlowID":"FL_21"}]},{"Type":"Standard","ID":"BL_8kyGy1Nl2Ld6Yhn","FlowID":"FL_10"},{"Type":"BlockRandomizer","FlowID":"FL_11","SubSet":2,"Flow":[{"Type":"Standard","ID":"BL_3ZNmZsz6CObnGND","FlowID":"FL_9"},{"Type":"Standard","ID":"BL_a5XR2uHvZakzV1r","FlowID":"FL_22"}]},{"Type":"Standard","ID":"BL_eL2Jn7i2gEZIBsp","FlowID":"FL_23"},{"Type":"Standard","ID":"BL_85Mo96dgVHmtWrr","FlowID":"FL_18"}],"Properties":{"Count":23,"RemovedFieldsets":[]}}},{"SurveyID":"SV_3mxaIAGSMpkAZ81","Element":"SO","PrimaryAttribute":"Survey Options","SecondaryAttribute":null,"TertiaryAttribute":null,"Payload":{"BackButton":"false","SaveAndContinue":"true","SurveyProtection":"PublicSurvey","BallotBoxStuffingPrevention":"false","NoIndex":"Yes","SecureResponseFiles":"true","SurveyExpiration":null,"SurveyTermination":"DefaultMessage","Header":"","Footer":"","ProgressBarDisplay":"None","PartialData":"+1 week","ValidationMessage":null,"PreviousButton":" \u2190 ","NextButton":" \u2192 ","SurveyTitle":"Speaking Science ","SkinLibrary":"berkeley","SkinType":"templated","Skin":{"brandingId":"7220639767","templateId":"*base","overrides":null},"NewScoring":1,"CustomStyles":[],"EOSMessage":"","ShowExportTags":"true","CollectGeoLocation":"false","SurveyMetaDescription":"UC Berkeley Research","PasswordProtection":"No","AnonymizeResponse":"No","Password":"","RefererCheck":"No","RefererURL":"http:\/\/","UseCustomSurveyLinkCompletedMessage":null,"SurveyLinkCompletedMessage":"","SurveyLinkCompletedMessageLibrary":"","ResponseSummary":"No","EOSMessageLibrary":"","EOSRedirectURL":"https:\/\/","EmailThankYou":"false","ThankYouEmailMessageLibrary":null,"ThankYouEmailMessage":null,"ValidateMessage":"false","ValidationMessageLibrary":null,"InactiveSurvey":"DefaultMessage","PartialDataCloseAfter":"LastActivity","ActiveResponseSet":null,"InactiveMessageLibrary":"","InactiveMessage":"","AvailableLanguages":{"EN":[]}}},{"SurveyID":"SV_3mxaIAGSMpkAZ81","Element":"SCO","PrimaryAttribute":"Scoring","SecondaryAttribute":null,"TertiaryAttribute":null,"Payload":{"ScoringCategories":[],"ScoringCategoryGroups":[],"ScoringSummaryCategory":null,"ScoringSummaryAfterQuestions":0,"ScoringSummaryAfterSurvey":0,"DefaultScoringCategory":null,"AutoScoringCategory":null}},{"SurveyID":"SV_3mxaIAGSMpkAZ81","Element":"PROJ","PrimaryAttribute":"CORE","SecondaryAttribute":null,"TertiaryAttribute":"1.1.0","Payload":{"ProjectCategory":"CORE","SchemaVersion":"1.1.0"}},{"SurveyID":"SV_3mxaIAGSMpkAZ81","Element":"STAT","PrimaryAttribute":"Survey Statistics","SecondaryAttribute":null,"TertiaryAttribute":null,"Payload":{"MobileCompatible":true,"ID":"Survey Statistics"}},{"SurveyID":"SV_3mxaIAGSMpkAZ81","Element":"QC","PrimaryAttribute":"Survey Question Count","SecondaryAttribute":"30","TertiaryAttribute":null,"Payload":null},{"SurveyID":"SV_3mxaIAGSMpkAZ81","Element":"SQ","PrimaryAttribute":"QID9","SecondaryAttribute":"Article 1: Global news. You were randomly shown either local or global in this stage. In ...","TertiaryAttribute":null,"Payload":{"QuestionText":"<div>Article 1: Global news. You were randomly shown either local or global in this stage.<\/div><div><br><\/div><div>In ${loc:\/\/CountryName}, some stuff is happening. Notice how the country name is pulled from your IP.<\/div><div>Forced to stay 3 seconds.<br><\/div>","DefaultChoices":false,"QuestionType":"DB","Selector":"TB","DataVisibility":{"Private":false,"Hidden":false},"Configuration":{"QuestionDescriptionOption":"UseText"},"QuestionDescription":"Article 1: Global news. You were randomly shown either local or global in this stage. In ...","ChoiceOrder":[],"Validation":{"Settings":{"Type":"None"}},"GradingData":[],"Language":[],"NextChoiceId":48,"NextAnswerId":1,"QuestionText_Unsafe":"<div>Article 1 local version<\/div><div><br><\/div>","DataExportTag":"Q9","QuestionID":"QID9"}},{"SurveyID":"SV_3mxaIAGSMpkAZ81","Element":"SQ","PrimaryAttribute":"QID3","SecondaryAttribute":"Article 1: Local news. You were randomly shown either local or global in this stage. In your city...","TertiaryAttribute":null,"Payload":{"QuestionText":"<div>Article 1: Local news. You were randomly shown either local or global in this stage.<br><\/div><div><br><\/div><div>In your city of ${loc:\/\/City}, some stuff is happening. Notice how this city name is pulled from your IP. <br><\/div>You're forced to stay at least 3 seconds on this page--for draft stage anyway.","DefaultChoices":false,"DataExportTag":"Q3","QuestionID":"QID3","QuestionType":"DB","Selector":"TB","DataVisibility":{"Private":false,"Hidden":false},"Configuration":{"QuestionDescriptionOption":"UseText"},"QuestionDescription":"Article 1: Local news. You were randomly shown either local or global in this stage. In your city...","ChoiceOrder":[],"Validation":{"Settings":{"Type":"None"}},"GradingData":[],"Language":[],"NextChoiceId":48,"NextAnswerId":1}},{"SurveyID":"SV_3mxaIAGSMpkAZ81","Element":"SQ","PrimaryAttribute":"QID6","SecondaryAttribute":"Article 2 global version","TertiaryAttribute":null,"Payload":{"QuestionText":"<div>Article 2 global version<\/div><div><br><\/div>","DefaultChoices":false,"QuestionType":"DB","Selector":"TB","Configuration":{"QuestionDescriptionOption":"UseText"},"QuestionDescription":"Article 2 global version","ChoiceOrder":[],"Validation":{"Settings":{"Type":"None"}},"GradingData":[],"Language":[],"NextChoiceId":4,"NextAnswerId":1,"QuestionText_Unsafe":"<div>Article 1 global version<\/div><div><br><\/div>","DataExportTag":"Q6","QuestionID":"QID6","DataVisibility":{"Private":false,"Hidden":false}}},{"SurveyID":"SV_3mxaIAGSMpkAZ81","Element":"SQ","PrimaryAttribute":"QID22","SecondaryAttribute":"Article 2: Global news. You were randomly shown either local or global in this stage. In ...","TertiaryAttribute":null,"Payload":{"QuestionText":"<div>Article 2: Global news. You were randomly shown either local or global in this stage.<\/div><div><br><\/div><div>In ${loc:\/\/CountryName}, some stuff is happening. Notice how the country name is pulled from your IP.<\/div><div>Forced to stay 3 seconds.<br><\/div>","DefaultChoices":false,"QuestionType":"DB","Selector":"TB","DataVisibility":{"Private":false,"Hidden":false},"Configuration":{"QuestionDescriptionOption":"UseText"},"QuestionDescription":"Article 2: Global news. You were randomly shown either local or global in this stage. In ...","ChoiceOrder":[],"Validation":{"Settings":{"Type":"None"}},"GradingData":[],"Language":[],"NextChoiceId":48,"NextAnswerId":1,"QuestionText_Unsafe":"<div>Article 1: Global news. You were randomly shown either local or global in this stage.<\/div><div><br><\/div><div>In ${loc:\/\/CountryName}, some stuff is happening. Notice how the country name is pulled from your IP.<\/div><div>Forced to stay 3 seconds.<br><\/div>","DataExportTag":"Q22","QuestionID":"QID22"}},{"SurveyID":"SV_3mxaIAGSMpkAZ81","Element":"SQ","PrimaryAttribute":"QID20","SecondaryAttribute":"Article 2: Local news. You were randomly shown either local or global in this stage. In your city...","TertiaryAttribute":null,"Payload":{"QuestionText":"<div>Article 2: Local news. You were randomly shown either local or global in this stage.<br><\/div><div><br><\/div><div>In your city of ${loc:\/\/City}, some stuff is happening. Notice how this city name is pulled from your IP. <br><\/div>You're forced to stay at least 3 seconds on this page--for draft stage anyway.","DefaultChoices":false,"QuestionType":"DB","Selector":"TB","DataVisibility":{"Private":false,"Hidden":false},"Configuration":{"QuestionDescriptionOption":"UseText"},"QuestionDescription":"Article 2: Local news. You were randomly shown either local or global in this stage. In your city...","ChoiceOrder":[],"Validation":{"Settings":{"Type":"None"}},"GradingData":[],"Language":[],"NextChoiceId":48,"NextAnswerId":1,"QuestionText_Unsafe":"<div>Article 1: Local news. You were randomly shown either local or global in this stage.<br><\/div><div><br><\/div><div>In your city of ${loc:\/\/City}, some stuff is happening. Notice how this city name is pulled from your IP. <br><\/div>You're forced to stay at least 3 seconds on this page--for draft stage anyway.","DataExportTag":"Q20","QuestionID":"QID20"}},{"SurveyID":"SV_3mxaIAGSMpkAZ81","Element":"SQ","PrimaryAttribute":"QID8","SecondaryAttribute":"Browser Meta Info","TertiaryAttribute":null,"Payload":{"QuestionText":"Browser Meta Info","DefaultChoices":false,"DataExportTag":"Q8","QuestionType":"Meta","Selector":"Browser","Configuration":{"QuestionDescriptionOption":"UseText"},"QuestionDescription":"Browser Meta Info","Choices":{"1":{"Display":"Browser","TextEntry":1},"2":{"Display":"Version","TextEntry":1},"3":{"Display":"Operating System","TextEntry":1},"4":{"Display":"Screen Resolution","TextEntry":1},"5":{"Display":"Flash Version","TextEntry":1},"6":{"Display":"Java Support","TextEntry":1},"7":{"Display":"User Agent","TextEntry":1}},"GradingData":[],"Language":[],"NextChoiceId":4,"NextAnswerId":1,"QuestionID":"QID8"}},{"SurveyID":"SV_3mxaIAGSMpkAZ81","Element":"SQ","PrimaryAttribute":"QID2","SecondaryAttribute":"Click to write the question text","TertiaryAttribute":null,"Payload":{"QuestionText":"Click to write the question text","DataExportTag":"Q2","QuestionType":"MC","Selector":"SAVR","SubSelector":"TX","Configuration":{"QuestionDescriptionOption":"UseText"},"QuestionDescription":"Click to write the question text","Choices":{"1":{"Display":"Click to write Choice 1"},"2":{"Display":"Click to write Choice 2"},"3":{"Display":"Click to write Choice 3"}},"ChoiceOrder":["1","2","3"],"Validation":{"Settings":{"ForceResponse":"OFF","ForceResponseType":"ON","Type":"None"}},"Language":[],"NextChoiceId":4,"NextAnswerId":1,"QuestionID":"QID2"}},{"SurveyID":"SV_3mxaIAGSMpkAZ81","Element":"SQ","PrimaryAttribute":"QID11","SecondaryAttribute":"Click to write the question text","TertiaryAttribute":null,"Payload":{"QuestionText":"Click to write the question text","DataExportTag":"Q11","QuestionType":"MC","Selector":"SAVR","SubSelector":"TX","Configuration":{"QuestionDescriptionOption":"UseText"},"QuestionDescription":"Click to write the question text","Choices":{"1":{"Display":"Click to write Choice 1"},"2":{"Display":"Click to write Choice 2"},"3":{"Display":"Click to write Choice 3"}},"ChoiceOrder":["1","2","3"],"Validation":{"Settings":{"ForceResponse":"ON","ForceResponseType":"ON","Type":"None"}},"Language":[],"NextChoiceId":4,"NextAnswerId":1,"QuestionID":"QID11","DataVisibility":{"Private":false,"Hidden":false}}},{"SurveyID":"SV_3mxaIAGSMpkAZ81","Element":"SQ","PrimaryAttribute":"QID12","SecondaryAttribute":"Click to write the question text","TertiaryAttribute":null,"Payload":{"QuestionText":"Click to write the question text","DataExportTag":"Q12","QuestionType":"MC","Selector":"SAVR","SubSelector":"TX","Configuration":{"QuestionDescriptionOption":"UseText"},"QuestionDescription":"Click to write the question text","Choices":{"1":{"Display":"Click to write Choice 1"},"2":{"Display":"Click to write Choice 2"},"3":{"Display":"Click to write Choice 3"}},"ChoiceOrder":["1","2","3"],"Validation":{"Settings":{"ForceResponse":"ON","ForceResponseType":"ON","Type":"None"}},"Language":[],"NextChoiceId":4,"NextAnswerId":1,"QuestionID":"QID12","DataVisibility":{"Private":false,"Hidden":false}}},{"SurveyID":"SV_3mxaIAGSMpkAZ81","Element":"SQ","PrimaryAttribute":"QID13","SecondaryAttribute":"Click to write the question text","TertiaryAttribute":null,"Payload":{"QuestionText":"Click to write the question text","DataExportTag":"Q13","QuestionType":"MC","Selector":"SAVR","SubSelector":"TX","Configuration":{"QuestionDescriptionOption":"UseText"},"QuestionDescription":"Click to write the question text","Choices":{"1":{"Display":"Click to write Choice 1"},"2":{"Display":"Click to write Choice 2"},"3":{"Display":"Click to write Choice 3"}},"ChoiceOrder":["1","2","3"],"Validation":{"Settings":{"ForceResponse":"ON","ForceResponseType":"ON","Type":"None"}},"Language":[],"NextChoiceId":4,"NextAnswerId":1,"QuestionID":"QID13","DataVisibility":{"Private":false,"Hidden":false}}},{"SurveyID":"SV_3mxaIAGSMpkAZ81","Element":"SQ","PrimaryAttribute":"QID14","SecondaryAttribute":"Click to write the question text","TertiaryAttribute":null,"Payload":{"QuestionText":"Click to write the question text","DataExportTag":"Q14","QuestionType":"MC","Selector":"SAVR","SubSelector":"TX","Configuration":{"QuestionDescriptionOption":"UseText"},"QuestionDescription":"Click to write the question text","Choices":{"1":{"Display":"Click to write Choice 1"},"2":{"Display":"Click to write Choice 2"},"3":{"Display":"Click to write Choice 3"}},"ChoiceOrder":["1","2","3"],"Validation":{"Settings":{"ForceResponse":"ON","ForceResponseType":"ON","Type":"None"}},"Language":[],"NextChoiceId":4,"NextAnswerId":1,"QuestionID":"QID14","DataVisibility":{"Private":false,"Hidden":false}}},{"SurveyID":"SV_3mxaIAGSMpkAZ81","Element":"SQ","PrimaryAttribute":"QID15","SecondaryAttribute":"Click to write the question text","TertiaryAttribute":null,"Payload":{"QuestionText":"Click to write the question text","DataExportTag":"Q15","QuestionType":"MC","Selector":"SAVR","SubSelector":"TX","Configuration":{"QuestionDescriptionOption":"UseText"},"QuestionDescription":"Click to write the question text","Choices":{"1":{"Display":"Click to write Choice 1"},"2":{"Display":"Click to write Choice 2"},"3":{"Display":"Click to write Choice 3"}},"ChoiceOrder":["1","2","3"],"Validation":{"Settings":{"ForceResponse":"ON","ForceResponseType":"ON","Type":"None"}},"Language":[],"NextChoiceId":4,"NextAnswerId":1,"QuestionID":"QID15","DataVisibility":{"Private":false,"Hidden":false}}},{"SurveyID":"SV_3mxaIAGSMpkAZ81","Element":"SQ","PrimaryAttribute":"QID16","SecondaryAttribute":"Click to write the question text","TertiaryAttribute":null,"Payload":{"QuestionText":"Click to write the question text","DataExportTag":"Q16","QuestionType":"MC","Selector":"SAVR","SubSelector":"TX","Configuration":{"QuestionDescriptionOption":"UseText"},"QuestionDescription":"Click to write the question text","Choices":{"1":{"Display":"Click to write Choice 1"},"2":{"Display":"Click to write Choice 2"},"3":{"Display":"Click to write Choice 3"}},"ChoiceOrder":["1","2","3"],"Validation":{"Settings":{"ForceResponse":"OFF","ForceResponseType":"ON","Type":"None"}},"Language":[],"NextChoiceId":4,"NextAnswerId":1,"QuestionID":"QID16"}},{"SurveyID":"SV_3mxaIAGSMpkAZ81","Element":"SQ","PrimaryAttribute":"QID25","SecondaryAttribute":"Click to write the question text","TertiaryAttribute":null,"Payload":{"QuestionText":"Click to write the question text","QuestionType":"MC","Selector":"SAVR","SubSelector":"TX","Configuration":{"QuestionDescriptionOption":"UseText"},"QuestionDescription":"Click to write the question text","Choices":{"1":{"Display":"Click to write Choice 1"},"2":{"Display":"Click to write Choice 2"},"3":{"Display":"Click to write Choice 3"}},"ChoiceOrder":["1","2","3"],"Validation":{"Settings":{"ForceResponse":"ON","ForceResponseType":"ON","Type":"None"}},"Language":[],"NextChoiceId":4,"NextAnswerId":1,"DataVisibility":{"Private":false,"Hidden":false},"QuestionText_Unsafe":"Click to write the question text","DataExportTag":"Q25","QuestionID":"QID25"}},{"SurveyID":"SV_3mxaIAGSMpkAZ81","Element":"SQ","PrimaryAttribute":"QID26","SecondaryAttribute":"Click to write the question text","TertiaryAttribute":null,"Payload":{"QuestionText":"Click to write the question text","QuestionType":"MC","Selector":"SAVR","SubSelector":"TX","Configuration":{"QuestionDescriptionOption":"UseText"},"QuestionDescription":"Click to write the question text","Choices":{"1":{"Display":"Click to write Choice 1"},"2":{"Display":"Click to write Choice 2"},"3":{"Display":"Click to write Choice 3"}},"ChoiceOrder":["1","2","3"],"Validation":{"Settings":{"ForceResponse":"ON","ForceResponseType":"ON","Type":"None"}},"Language":[],"NextChoiceId":4,"NextAnswerId":1,"DataVisibility":{"Private":false,"Hidden":false},"QuestionText_Unsafe":"Click to write the question text","DataExportTag":"Q26","QuestionID":"QID26"}},{"SurveyID":"SV_3mxaIAGSMpkAZ81","Element":"SQ","PrimaryAttribute":"QID27","SecondaryAttribute":"Click to write the question text","TertiaryAttribute":null,"Payload":{"QuestionText":"Click to write the question text","QuestionType":"MC","Selector":"SAVR","SubSelector":"TX","Configuration":{"QuestionDescriptionOption":"UseText"},"QuestionDescription":"Click to write the question text","Choices":{"1":{"Display":"Click to write Choice 1"},"2":{"Display":"Click to write Choice 2"},"3":{"Display":"Click to write Choice 3"}},"ChoiceOrder":["1","2","3"],"Validation":{"Settings":{"ForceResponse":"ON","ForceResponseType":"ON","Type":"None"}},"Language":[],"NextChoiceId":4,"NextAnswerId":1,"DataVisibility":{"Private":false,"Hidden":false},"QuestionText_Unsafe":"Click to write the question text","DataExportTag":"Q27","QuestionID":"QID27"}},{"SurveyID":"SV_3mxaIAGSMpkAZ81","Element":"SQ","PrimaryAttribute":"QID28","SecondaryAttribute":"Click to write the question text","TertiaryAttribute":null,"Payload":{"QuestionText":"Click to write the question text","QuestionType":"MC","Selector":"SAVR","SubSelector":"TX","Configuration":{"QuestionDescriptionOption":"UseText"},"QuestionDescription":"Click to write the question text","Choices":{"1":{"Display":"Click to write Choice 1"},"2":{"Display":"Click to write Choice 2"},"3":{"Display":"Click to write Choice 3"}},"ChoiceOrder":["1","2","3"],"Validation":{"Settings":{"ForceResponse":"ON","ForceResponseType":"ON","Type":"None"}},"Language":[],"NextChoiceId":4,"NextAnswerId":1,"DataVisibility":{"Private":false,"Hidden":false},"QuestionText_Unsafe":"Click to write the question text","DataExportTag":"Q28","QuestionID":"QID28"}},{"SurveyID":"SV_3mxaIAGSMpkAZ81","Element":"SQ","PrimaryAttribute":"QID29","SecondaryAttribute":"Click to write the question text","TertiaryAttribute":null,"Payload":{"QuestionText":"Click to write the question text","QuestionType":"MC","Selector":"SAVR","SubSelector":"TX","Configuration":{"QuestionDescriptionOption":"UseText"},"QuestionDescription":"Click to write the question text","Choices":{"1":{"Display":"Click to write Choice 1"},"2":{"Display":"Click to write Choice 2"},"3":{"Display":"Click to write Choice 3"}},"ChoiceOrder":["1","2","3"],"Validation":{"Settings":{"ForceResponse":"ON","ForceResponseType":"ON","Type":"None"}},"Language":[],"NextChoiceId":4,"NextAnswerId":1,"DataVisibility":{"Private":false,"Hidden":false},"QuestionText_Unsafe":"Click to write the question text","DataExportTag":"Q29","QuestionID":"QID29"}},{"SurveyID":"SV_3mxaIAGSMpkAZ81","Element":"RS","PrimaryAttribute":"RS_3sWzykAVEiYnvSd","SecondaryAttribute":"Default Response Set","TertiaryAttribute":null,"Payload":null},{"SurveyID":"SV_3mxaIAGSMpkAZ81","Element":"SQ","PrimaryAttribute":"QID19","SecondaryAttribute":"Now take a quiz. Please Do your best to do well on these questions, but please do not cheat.","TertiaryAttribute":null,"Payload":{"QuestionText":"Now take a quiz. Please Do your best to do well on these questions, but please do not cheat.","DefaultChoices":false,"DataExportTag":"Q19","QuestionType":"DB","Selector":"TB","Configuration":{"QuestionDescriptionOption":"UseText"},"QuestionDescription":"Now take a quiz. Please Do your best to do well on these questions, but please do not cheat.","ChoiceOrder":[],"Validation":{"Settings":{"Type":"None"}},"GradingData":[],"Language":[],"NextChoiceId":4,"NextAnswerId":1,"QuestionID":"QID19"}},{"SurveyID":"SV_3mxaIAGSMpkAZ81","Element":"SQ","PrimaryAttribute":"QID24","SecondaryAttribute":"Now take a quiz. Please Do your best to do well on these questions, but please do not cheat.","TertiaryAttribute":null,"Payload":{"QuestionText":"Now take a quiz. Please Do your best to do well on these questions, but please do not cheat.","DefaultChoices":false,"QuestionType":"DB","Selector":"TB","Configuration":{"QuestionDescriptionOption":"UseText"},"QuestionDescription":"Now take a quiz. Please Do your best to do well on these questions, but please do not cheat.","ChoiceOrder":[],"Validation":{"Settings":{"Type":"None"}},"GradingData":[],"Language":[],"NextChoiceId":4,"NextAnswerId":1,"QuestionText_Unsafe":"Now take a quiz. Please Do your best to do well on these questions, but please do not cheat.","DataExportTag":"Q24","QuestionID":"QID24"}},{"SurveyID":"SV_3mxaIAGSMpkAZ81","Element":"SQ","PrimaryAttribute":"QID18","SecondaryAttribute":"Thank you for your participation. If you are a Mechanical Turk worker, please enter this survey c...","TertiaryAttribute":null,"Payload":{"QuestionText":"<div>Thank you for your participation. If you are a Mechanical Turk worker, please enter this survey completion ID into M Turk to get paid: ${e:\/\/Field\/mturk_completion_code} <br><\/div><div><br><\/div><div>Click Next to ensure we save this M Turk ID. We must have this recorded in order to confirm that you've completed the survey and pay you. Thanks.<br><\/div>","DefaultChoices":false,"DataExportTag":"Q18","QuestionType":"DB","Selector":"TB","Configuration":{"QuestionDescriptionOption":"UseText"},"QuestionDescription":"Thank you for your participation. If you are a Mechanical Turk worker, please enter this survey c...","ChoiceOrder":[],"Validation":{"Settings":{"Type":"None"}},"GradingData":[],"Language":[],"NextChoiceId":4,"NextAnswerId":1,"QuestionID":"QID18","DataVisibility":{"Private":false,"Hidden":false}}},{"SurveyID":"SV_3mxaIAGSMpkAZ81","Element":"SQ","PrimaryAttribute":"QID4","SecondaryAttribute":"Timing","TertiaryAttribute":null,"Payload":{"QuestionText":"Timing","DefaultChoices":false,"DataExportTag":"Q4","QuestionID":"QID4","QuestionType":"Timing","Selector":"PageTimer","DataVisibility":{"Private":false,"Hidden":false},"Configuration":{"QuestionDescriptionOption":"UseText","MinSeconds":5,"MaxSeconds":"0"},"QuestionDescription":"Timing","Choices":{"1":{"Display":"First Click"},"2":{"Display":"Last Click"},"3":{"Display":"Page Submit"},"4":{"Display":"Click Count"}},"GradingData":[],"Language":[],"NextChoiceId":116,"NextAnswerId":1}},{"SurveyID":"SV_3mxaIAGSMpkAZ81","Element":"SQ","PrimaryAttribute":"QID5","SecondaryAttribute":"Timing","TertiaryAttribute":null,"Payload":{"QuestionText":"Timing","DefaultChoices":false,"DataExportTag":"Q5","QuestionID":"QID5","QuestionType":"Timing","Selector":"PageTimer","DataVisibility":{"Private":false,"Hidden":false},"Configuration":{"QuestionDescriptionOption":"UseText","MinSeconds":30,"MaxSeconds":"0"},"QuestionDescription":"Timing","Choices":{"1":{"Display":"First Click"},"2":{"Display":"Last Click"},"3":{"Display":"Page Submit"},"4":{"Display":"Click Count"}},"Validation":"None","GradingData":[],"Language":[],"NextChoiceId":64,"NextAnswerId":1}},{"SurveyID":"SV_3mxaIAGSMpkAZ81","Element":"SQ","PrimaryAttribute":"QID7","SecondaryAttribute":"Timing","TertiaryAttribute":null,"Payload":{"QuestionText":"Timing","DefaultChoices":false,"DataExportTag":"Q7","QuestionType":"Timing","Selector":"PageTimer","Configuration":{"QuestionDescriptionOption":"UseText","MinSeconds":3,"MaxSeconds":"0"},"QuestionDescription":"Timing","Choices":{"1":{"Display":"First Click"},"2":{"Display":"Last Click"},"3":{"Display":"Page Submit"},"4":{"Display":"Click Count"}},"GradingData":[],"Language":[],"NextChoiceId":452,"NextAnswerId":1,"QuestionID":"QID7","DataVisibility":{"Private":false,"Hidden":false}}},{"SurveyID":"SV_3mxaIAGSMpkAZ81","Element":"SQ","PrimaryAttribute":"QID10","SecondaryAttribute":"Timing","TertiaryAttribute":null,"Payload":{"QuestionText":"Timing","DefaultChoices":false,"QuestionType":"Timing","Selector":"PageTimer","DataVisibility":{"Private":false,"Hidden":false},"Configuration":{"QuestionDescriptionOption":"UseText","MinSeconds":5,"MaxSeconds":0},"QuestionDescription":"Timing","Choices":{"1":{"Display":"First Click"},"2":{"Display":"Last Click"},"3":{"Display":"Page Submit"},"4":{"Display":"Click Count"}},"GradingData":[],"Language":[],"NextChoiceId":196,"NextAnswerId":1,"QuestionText_Unsafe":"Timing","DataExportTag":"Q10","QuestionID":"QID10"}},{"SurveyID":"SV_3mxaIAGSMpkAZ81","Element":"SQ","PrimaryAttribute":"QID17","SecondaryAttribute":"Timing","TertiaryAttribute":null,"Payload":{"QuestionText":"Timing","DefaultChoices":false,"DataExportTag":"Q17","QuestionType":"Timing","Selector":"PageTimer","Configuration":{"QuestionDescriptionOption":"UseText","MinSeconds":"0","MaxSeconds":"0"},"QuestionDescription":"Timing","Choices":{"1":{"Display":"First Click"},"2":{"Display":"Last Click"},"3":{"Display":"Page Submit"},"4":{"Display":"Click Count"}},"GradingData":[],"Language":[],"NextChoiceId":44,"NextAnswerId":1,"QuestionID":"QID17"}},{"SurveyID":"SV_3mxaIAGSMpkAZ81","Element":"SQ","PrimaryAttribute":"QID21","SecondaryAttribute":"Timing","TertiaryAttribute":null,"Payload":{"QuestionText":"Timing","DefaultChoices":false,"QuestionType":"Timing","Selector":"PageTimer","DataVisibility":{"Private":false,"Hidden":false},"Configuration":{"QuestionDescriptionOption":"UseText","MinSeconds":5,"MaxSeconds":"0"},"QuestionDescription":"Timing","Choices":{"1":{"Display":"First Click"},"2":{"Display":"Last Click"},"3":{"Display":"Page Submit"},"4":{"Display":"Click Count"}},"GradingData":[],"Language":[],"NextChoiceId":116,"NextAnswerId":1,"QuestionText_Unsafe":"Timing","DataExportTag":"Q21","QuestionID":"QID21"}},{"SurveyID":"SV_3mxaIAGSMpkAZ81","Element":"SQ","PrimaryAttribute":"QID23","SecondaryAttribute":"Timing","TertiaryAttribute":null,"Payload":{"QuestionText":"Timing","DefaultChoices":false,"QuestionType":"Timing","Selector":"PageTimer","DataVisibility":{"Private":false,"Hidden":false},"Configuration":{"QuestionDescriptionOption":"UseText","MinSeconds":5,"MaxSeconds":0},"QuestionDescription":"Timing","Choices":{"1":{"Display":"First Click"},"2":{"Display":"Last Click"},"3":{"Display":"Page Submit"},"4":{"Display":"Click Count"}},"GradingData":[],"Language":[],"NextChoiceId":196,"NextAnswerId":1,"QuestionText_Unsafe":"Timing","DataExportTag":"Q23","QuestionID":"QID23"}},{"SurveyID":"SV_3mxaIAGSMpkAZ81","Element":"SQ","PrimaryAttribute":"QID30","SecondaryAttribute":"Timing","TertiaryAttribute":null,"Payload":{"QuestionText":"Timing","DefaultChoices":false,"QuestionType":"Timing","Selector":"PageTimer","Configuration":{"QuestionDescriptionOption":"UseText","MinSeconds":"0","MaxSeconds":"0"},"QuestionDescription":"Timing","Choices":{"1":{"Display":"First Click"},"2":{"Display":"Last Click"},"3":{"Display":"Page Submit"},"4":{"Display":"Click Count"}},"GradingData":[],"Language":[],"NextChoiceId":44,"NextAnswerId":1,"QuestionText_Unsafe":"Timing","DataExportTag":"Q30","QuestionID":"QID30"}},{"SurveyID":"SV_3mxaIAGSMpkAZ81","Element":"SQ","PrimaryAttribute":"QID1","SecondaryAttribute":"Welcome. Intro intro intro. Please: * do your best on the quiz. * do not cheat.\u00a0 Thanks. Put a 3...","TertiaryAttribute":null,"Payload":{"QuestionText":"<div>Welcome. Intro intro intro. <br><\/div><div><br><\/div><div>Please:<\/div><div>* do your best on the quiz.<br><\/div><div>* do not cheat.&nbsp; Thanks.<\/div><div><br><\/div><div>Put a 3 second forced time here<br><\/div>","DefaultChoices":false,"DataExportTag":"Q1","QuestionID":"QID1","QuestionType":"DB","Selector":"TB","DataVisibility":{"Private":false,"Hidden":false},"Configuration":{"QuestionDescriptionOption":"UseText"},"QuestionDescription":"Welcome. Intro intro intro. Please: * do your best on the quiz. * do not cheat.\u00a0 Thanks. Put a 3...","ChoiceOrder":[],"Validation":{"Settings":{"Type":"None"}},"GradingData":[],"Language":[],"NextChoiceId":4,"NextAnswerId":1}}]}